
Microsoft Visual Studio Solution File, Format Version 12.00
# Visual Studio Version 17
VisualStudioVersion = 17.1.32421.90
MinimumVisualStudioVersion = 10.0.40219.1
Project("{FAE04EC0-301F-11D3-BF4B-00C04F79EFBC}") = "Sintaxe", "Sintaxe\Sintaxe.csproj", "{EA9CCCC0-2B71-4F2C-A6B9-FC2FBB31853C}"
EndProject
Global
	GlobalSection(SolutionConfigurationPlatforms) = preSolution
		Debug|Any CPU = Debug|Any CPU
		Release|Any CPU = Release|Any CPU
	EndGlobalSection
	GlobalSection(ProjectConfigurationPlatforms) = postSolution
		{EA9CCCC0-2B71-4F2C-A6B9-FC2FBB31853C}.Debug|Any CPU.ActiveCfg = Debug|Any CPU
		{EA9CCCC0-2B71-4F2C-A6B9-FC2FBB31853C}.Debug|Any CPU.Build.0 = Debug|Any CPU
		{EA9CCCC0-2B71-4F2C-A6B9-FC2FBB31853C}.Release|Any CPU.ActiveCfg = Release|Any CPU
		{EA9CCCC0-2B71-4F2C-A6B9-FC2FBB31853C}.Release|Any CPU.Build.0 = Release|Any CPU
	EndGlobalSection
	GlobalSection(SolutionProperties) = preSolution
		HideSolutionNode = FALSE
	EndGlobalSection
	GlobalSection(ExtensibilityGlobals) = postSolution
		SolutionGuid = {5B869ABE-6630-4C1B-AABB-9B7300399439}
	EndGlobalSection
EndGlobal
